
Microsoft Visual Studio Solution File, Format Version 12.00
# Visual Studio 15
VisualStudioVersion = 15.0.28010.2019
MinimumVisualStudioVersion = 10.0.40219.1
Project("{FAE04EC0-301F-11D3-BF4B-00C04F79EFBC}") = "mvc-proboosting", "mvc-proboosting\mvc-proboosting.csproj", "{3BC64695-95F5-45D3-9CB6-BE2A3AD7D84C}"
EndProject
Project("{FAE04EC0-301F-11D3-BF4B-00C04F79EFBC}") = "mvc-proboosting.Tests", "mvc-proboosting.Tests\mvc-proboosting.Tests.csproj", "{FC34D733-6585-41D3-A191-C03ED3EDB337}"
EndProject
Global
	GlobalSection(SolutionConfigurationPlatforms) = preSolution
		Debug|Any CPU = Debug|Any CPU
		Release|Any CPU = Release|Any CPU
	EndGlobalSection
	GlobalSection(ProjectConfigurationPlatforms) = postSolution
		{3BC64695-95F5-45D3-9CB6-BE2A3AD7D84C}.Debug|Any CPU.ActiveCfg = Debug|Any CPU
		{3BC64695-95F5-45D3-9CB6-BE2A3AD7D84C}.Debug|Any CPU.Build.0 = Debug|Any CPU
		{3BC64695-95F5-45D3-9CB6-BE2A3AD7D84C}.Release|Any CPU.ActiveCfg = Release|Any CPU
		{3BC64695-95F5-45D3-9CB6-BE2A3AD7D84C}.Release|Any CPU.Build.0 = Release|Any CPU
		{FC34D733-6585-41D3-A191-C03ED3EDB337}.Debug|Any CPU.ActiveCfg = Debug|Any CPU
		{FC34D733-6585-41D3-A191-C03ED3EDB337}.Debug|Any CPU.Build.0 = Debug|Any CPU
		{FC34D733-6585-41D3-A191-C03ED3EDB337}.Release|Any CPU.ActiveCfg = Release|Any CPU
		{FC34D733-6585-41D3-A191-C03ED3EDB337}.Release|Any CPU.Build.0 = Release|Any CPU
	EndGlobalSection
	GlobalSection(SolutionProperties) = preSolution
		HideSolutionNode = FALSE
	EndGlobalSection
	GlobalSection(ExtensibilityGlobals) = postSolution
		SolutionGuid = {C141C390-2D8D-4941-8470-F3C82649FC17}
	EndGlobalSection
EndGlobal
